<?xml version="1.0" encoding="utf-8"?>
<Project ToolsVersion="4.0" xmlns="http://schemas.microsoft.com/developer/msbuild/2003">
  <ItemGroup>
    <Filter Include="Source Files">
      <UniqueIdentifier>{4FC737F1-C7A5-4376-A066-2A32D752A2FF}</UniqueIdentifier>
      <Extensions>cpp;c;cc;cxx;c++;cppm;ixx;def;odl;idl;hpj;bat;asm;asmx</Extensions>
    </Filter>
    <Filter Include="Header Files">
      <UniqueIdentifier>{93995380-89BD-4b04-88EB-625FBE52EBFB}</UniqueIdentifier>
      <Extensions>h;hh;hpp;hxx;h++;hm;inl;inc;ipp;xsd</Extensions>
    </Filter>
    <Filter Include="Resource Files">
      <UniqueIdentifier>{67DA6AB6-F800-4c08-8B7A-83BB121AAD01}</UniqueIdentifier>
      <Extensions>rc;ico;cur;bmp;dlg;rc2;rct;bin;rgs;gif;jpg;jpeg;jpe;resx;tiff;tif;png;wav;mfcribbon-ms</Extensions>
    </Filter>
  </ItemGroup>
  <ItemGroup>
    <ClCompile Include="main.cpp">
      <Filter>Source Files</Filter>
    </ClCompile>
    <ClCompile Include="vulkEngWindow.cpp">
      <Filter>Source Files</Filter>
    </ClCompile>
    <ClCompile Include="vulkEngApp.hpp">
      <Filter>Header Files</Filter>
    </ClCompile>
    <ClCompile Include="vulkEngApp.cpp">
      <Filter>Source Files</Filter>
    </ClCompile>
    <ClCompile Include="vulkEngPipeline.cpp">
      <Filter>Source Files</Filter>
    </ClCompile>
    <ClCompile Include="vulkEngDevice.cpp">
      <Filter>Source Files</Filter>
    </ClCompile>
    <ClCompile Include="vulkEngSwapChain.cpp">
      <Filter>Source Files</Filter>
    </ClCompile>
    <ClCompile Include="vulkEngModel.cpp">
      <Filter>Source Files</Filter>
    </ClCompile>
    <ClCompile Include="vulkEngRenderer.cpp">
      <Filter>Source Files</Filter>
    </ClCompile>
    <ClCompile Include="vulkEngRenderSystem.cpp">
      <Filter>Source Files</Filter>
    </ClCompile>
  </ItemGroup>
  <ItemGroup>
    <ClInclude Include="vulkEngWindow.hpp">
      <Filter>Header Files</Filter>
    </ClInclude>
    <ClInclude Include="vulkEngPipeline.hpp">
      <Filter>Header Files</Filter>
    </ClInclude>
    <ClInclude Include="vulkEngDevice.hpp">
      <Filter>Header Files</Filter>
    </ClInclude>
    <ClInclude Include="vulkEngSwapChain.hpp">
      <Filter>Header Files</Filter>
    </ClInclude>
    <ClInclude Include="vulkEngModel.hpp">
      <Filter>Header Files</Filter>
    </ClInclude>
    <ClInclude Include="vulkEngGameObj.hpp">
      <Filter>Header Files</Filter>
    </ClInclude>
    <ClInclude Include="vulkEngRenderer.hpp">
      <Filter>Header Files</Filter>
    </ClInclude>
    <ClInclude Include="vulkEngRenderSystem.hpp">
      <Filter>Header Files</Filter>
    </ClInclude>
  </ItemGroup>
  <ItemGroup>
    <None Include="shaders\simpleShader.vert" />
    <None Include="shaders\simpleShader.frag" />
    <None Include="compile.bat" />
    <None Include="shaders\simpleShader.frag.spv" />
    <None Include="shaders\simpleShader.vert.spv" />
  </ItemGroup>
</Project>